# THIS IS AN AUTOGENERATED FILE. DO NOT EDIT THIS FILE DIRECTLY.
# yarn lockfile v1


disconnect@^1.2.1:
  version "1.2.1"
  resolved "https://registry.yarnpkg.com/disconnect/-/disconnect-1.2.1.tgz#fe75538f64d38e821a46b01bfdee5e9c23c4bace"
  integrity sha1-/nVTj2TTjoIaRrAb/e5enCPEus4=
  dependencies:
    oauth-1.0a "2.x.x"

oauth-1.0a@2.x.x:
  version "2.2.5"
  resolved "https://registry.yarnpkg.com/oauth-1.0a/-/oauth-1.0a-2.2.5.tgz#943ee55a5c0db5c21143ec27e2f56c6d0e2a5e54"
  integrity sha512-7Y4Gs+2dPOjrlJDzEPdpuH46gzgYeVF7CKOOQNpWKz1nlbWn2rqKSt3oF0By6KxudbOQATEUY74SphuTN0grPg==
